
Microsoft Visual Studio Solution File, Format Version 12.00
# Visual Studio Version 17
VisualStudioVersion = 17.14.36616.10 d17.14
MinimumVisualStudioVersion = 10.0.40219.1
Project("{FAE04EC0-301F-11D3-BF4B-00C04F79EFBC}") = "RickAndMortyAPI", "RickAndMortyAPI.csproj", "{84BBC829-E1B6-4189-AE01-309883533087}"
EndProject
Global
	GlobalSection(SolutionConfigurationPlatforms) = preSolution
		Debug|Any CPU = Debug|Any CPU
		Release|Any CPU = Release|Any CPU
	EndGlobalSection
	GlobalSection(ProjectConfigurationPlatforms) = postSolution
		{84BBC829-E1B6-4189-AE01-309883533087}.Debug|Any CPU.ActiveCfg = Debug|Any CPU
		{84BBC829-E1B6-4189-AE01-309883533087}.Debug|Any CPU.Build.0 = Debug|Any CPU
		{84BBC829-E1B6-4189-AE01-309883533087}.Release|Any CPU.ActiveCfg = Release|Any CPU
		{84BBC829-E1B6-4189-AE01-309883533087}.Release|Any CPU.Build.0 = Release|Any CPU
	EndGlobalSection
	GlobalSection(SolutionProperties) = preSolution
		HideSolutionNode = FALSE
	EndGlobalSection
	GlobalSection(ExtensibilityGlobals) = postSolution
		SolutionGuid = {7A1810D9-B8EF-4EC7-B768-89CFA0691DD9}
	EndGlobalSection
EndGlobal
